# THIS IS AN AUTOGENERATED FILE. DO NOT EDIT THIS FILE DIRECTLY.
# yarn lockfile v1


"@types/node@^12.0.12":
  version "12.0.12"
  resolved "https://registry.npm.taobao.org/@types/node/download/@types/node-12.0.12.tgz#cc791b402360db1eaf7176479072f91ee6c6c7ca"
  integrity sha1-zHkbQCNg2x6vcXZHkHL5HubGx8o=

only-space@^1.1.0:
  version "1.1.0"
  resolved "https://registry.npm.taobao.org/only-space/download/only-space-1.1.0.tgz#8e03113647a7ffbfd51cd1d0b2d6061cd9434316"
  integrity sha1-jgMRNken/7/VHNHQstYGHNlDQxY=
